
Microsoft Visual Studio Solution File, Format Version 12.00
# Visual Studio 15
VisualStudioVersion = 15.0.27004.2002
MinimumVisualStudioVersion = 10.0.40219.1
Project("{2150E333-8FDC-42A3-9474-1A3956D46DE8}") = "src", "src", "{B6495E16-57C5-4AF8-A5CB-8E03DC24A674}"
EndProject
Project("{FAE04EC0-301F-11D3-BF4B-00C04F79EFBC}") = "Borzoo.Data.Abstractions", "src\Borzoo.Data.Abstractions\Borzoo.Data.Abstractions.csproj", "{DC301BFC-D34A-44E8-8B1D-71EE52205CE9}"
EndProject
Project("{FAE04EC0-301F-11D3-BF4B-00C04F79EFBC}") = "Borzoo.Data.SQLite", "src\Borzoo.Data.SQLite\Borzoo.Data.SQLite.csproj", "{14D0AD21-9750-430A-AF84-DB5380D059C0}"
EndProject
Project("{FAE04EC0-301F-11D3-BF4B-00C04F79EFBC}") = "Borzoo.Data.Mongo", "src\Borzoo.Data.Mongo\Borzoo.Data.Mongo.csproj", "{ECAD558B-EB3B-4EFB-8D9E-4D8916FADE82}"
EndProject
Project("{FAE04EC0-301F-11D3-BF4B-00C04F79EFBC}") = "Borzoo.GraphQL", "src\Borzoo.GraphQL\Borzoo.GraphQL.csproj", "{87D33427-1A66-450A-9D01-82A601C54D20}"
EndProject
Project("{FAE04EC0-301F-11D3-BF4B-00C04F79EFBC}") = "Borzoo.Web", "src\Borzoo.Web\Borzoo.Web.csproj", "{869E9A44-6733-4394-BB67-A647477186BC}"
EndProject
Project("{2150E333-8FDC-42A3-9474-1A3956D46DE8}") = "test", "test", "{0CA3A753-4D80-4A14-9D97-F549DB0E2559}"
EndProject
Project("{FAE04EC0-301F-11D3-BF4B-00C04F79EFBC}") = "Borzoo.Tests.Framework", "test\Borzoo.Tests.Framework\Borzoo.Tests.Framework.csproj", "{F4EAAF80-B82E-48F6-A304-31FDF2796442}"
EndProject
Project("{FAE04EC0-301F-11D3-BF4B-00C04F79EFBC}") = "Borzoo.Data.Tests.Common", "test\Borzoo.Data.Tests.Common\Borzoo.Data.Tests.Common.csproj", "{6C0B27CB-3C9A-43AB-ADB2-AEDD1599BF72}"
EndProject
Project("{FAE04EC0-301F-11D3-BF4B-00C04F79EFBC}") = "Borzoo.Data.Tests.SQLite", "test\Borzoo.Data.Tests.SQLite\Borzoo.Data.Tests.SQLite.csproj", "{A3B5B1DF-2227-4918-B180-9E882FA43547}"
EndProject
Project("{FAE04EC0-301F-11D3-BF4B-00C04F79EFBC}") = "Borzoo.Data.Tests.Mongo", "test\Borzoo.Data.Tests.Mongo\Borzoo.Data.Tests.Mongo.csproj", "{4EF16CC3-109F-4A3C-BD46-74FDEB9DBAB3}"
EndProject
Project("{FAE04EC0-301F-11D3-BF4B-00C04F79EFBC}") = "Borzoo.Web.Tests.Unit", "test\Borzoo.Web.Tests.Unit\Borzoo.Web.Tests.Unit.csproj", "{AE6DA9C1-924F-4ED2-BC05-51026FA3B071}"
EndProject
Project("{FAE04EC0-301F-11D3-BF4B-00C04F79EFBC}") = "Borzoo.Web.Tests.Integ", "test\Borzoo.Web.Tests.Integ\Borzoo.Web.Tests.Integ.csproj", "{9E3A9D63-95EF-4A6F-8C83-8F439A090EC6}"
EndProject
Global
	GlobalSection(SolutionConfigurationPlatforms) = preSolution
		Debug|Any CPU = Debug|Any CPU
		Release|Any CPU = Release|Any CPU
	EndGlobalSection
	GlobalSection(ProjectConfigurationPlatforms) = postSolution
		{869E9A44-6733-4394-BB67-A647477186BC}.Debug|Any CPU.ActiveCfg = Debug|Any CPU
		{869E9A44-6733-4394-BB67-A647477186BC}.Debug|Any CPU.Build.0 = Debug|Any CPU
		{869E9A44-6733-4394-BB67-A647477186BC}.Release|Any CPU.ActiveCfg = Release|Any CPU
		{869E9A44-6733-4394-BB67-A647477186BC}.Release|Any CPU.Build.0 = Release|Any CPU
		{DC301BFC-D34A-44E8-8B1D-71EE52205CE9}.Debug|Any CPU.ActiveCfg = Debug|Any CPU
		{DC301BFC-D34A-44E8-8B1D-71EE52205CE9}.Debug|Any CPU.Build.0 = Debug|Any CPU
		{DC301BFC-D34A-44E8-8B1D-71EE52205CE9}.Release|Any CPU.ActiveCfg = Release|Any CPU
		{DC301BFC-D34A-44E8-8B1D-71EE52205CE9}.Release|Any CPU.Build.0 = Release|Any CPU
		{14D0AD21-9750-430A-AF84-DB5380D059C0}.Debug|Any CPU.ActiveCfg = Debug|Any CPU
		{14D0AD21-9750-430A-AF84-DB5380D059C0}.Debug|Any CPU.Build.0 = Debug|Any CPU
		{14D0AD21-9750-430A-AF84-DB5380D059C0}.Release|Any CPU.ActiveCfg = Release|Any CPU
		{14D0AD21-9750-430A-AF84-DB5380D059C0}.Release|Any CPU.Build.0 = Release|Any CPU
		{AE6DA9C1-924F-4ED2-BC05-51026FA3B071}.Debug|Any CPU.ActiveCfg = Debug|Any CPU
		{AE6DA9C1-924F-4ED2-BC05-51026FA3B071}.Debug|Any CPU.Build.0 = Debug|Any CPU
		{AE6DA9C1-924F-4ED2-BC05-51026FA3B071}.Release|Any CPU.ActiveCfg = Release|Any CPU
		{AE6DA9C1-924F-4ED2-BC05-51026FA3B071}.Release|Any CPU.Build.0 = Release|Any CPU
		{9E3A9D63-95EF-4A6F-8C83-8F439A090EC6}.Debug|Any CPU.ActiveCfg = Debug|Any CPU
		{9E3A9D63-95EF-4A6F-8C83-8F439A090EC6}.Debug|Any CPU.Build.0 = Debug|Any CPU
		{9E3A9D63-95EF-4A6F-8C83-8F439A090EC6}.Release|Any CPU.ActiveCfg = Release|Any CPU
		{9E3A9D63-95EF-4A6F-8C83-8F439A090EC6}.Release|Any CPU.Build.0 = Release|Any CPU
		{A3B5B1DF-2227-4918-B180-9E882FA43547}.Debug|Any CPU.ActiveCfg = Debug|Any CPU
		{A3B5B1DF-2227-4918-B180-9E882FA43547}.Debug|Any CPU.Build.0 = Debug|Any CPU
		{A3B5B1DF-2227-4918-B180-9E882FA43547}.Release|Any CPU.ActiveCfg = Release|Any CPU
		{A3B5B1DF-2227-4918-B180-9E882FA43547}.Release|Any CPU.Build.0 = Release|Any CPU
		{ECAD558B-EB3B-4EFB-8D9E-4D8916FADE82}.Debug|Any CPU.ActiveCfg = Debug|Any CPU
		{ECAD558B-EB3B-4EFB-8D9E-4D8916FADE82}.Debug|Any CPU.Build.0 = Debug|Any CPU
		{ECAD558B-EB3B-4EFB-8D9E-4D8916FADE82}.Release|Any CPU.ActiveCfg = Release|Any CPU
		{ECAD558B-EB3B-4EFB-8D9E-4D8916FADE82}.Release|Any CPU.Build.0 = Release|Any CPU
		{4EF16CC3-109F-4A3C-BD46-74FDEB9DBAB3}.Debug|Any CPU.ActiveCfg = Debug|Any CPU
		{4EF16CC3-109F-4A3C-BD46-74FDEB9DBAB3}.Debug|Any CPU.Build.0 = Debug|Any CPU
		{4EF16CC3-109F-4A3C-BD46-74FDEB9DBAB3}.Release|Any CPU.ActiveCfg = Release|Any CPU
		{4EF16CC3-109F-4A3C-BD46-74FDEB9DBAB3}.Release|Any CPU.Build.0 = Release|Any CPU
		{87D33427-1A66-450A-9D01-82A601C54D20}.Debug|Any CPU.ActiveCfg = Debug|Any CPU
		{87D33427-1A66-450A-9D01-82A601C54D20}.Debug|Any CPU.Build.0 = Debug|Any CPU
		{87D33427-1A66-450A-9D01-82A601C54D20}.Release|Any CPU.ActiveCfg = Release|Any CPU
		{87D33427-1A66-450A-9D01-82A601C54D20}.Release|Any CPU.Build.0 = Release|Any CPU
		{6C0B27CB-3C9A-43AB-ADB2-AEDD1599BF72}.Debug|Any CPU.ActiveCfg = Debug|Any CPU
		{6C0B27CB-3C9A-43AB-ADB2-AEDD1599BF72}.Debug|Any CPU.Build.0 = Debug|Any CPU
		{6C0B27CB-3C9A-43AB-ADB2-AEDD1599BF72}.Release|Any CPU.ActiveCfg = Release|Any CPU
		{6C0B27CB-3C9A-43AB-ADB2-AEDD1599BF72}.Release|Any CPU.Build.0 = Release|Any CPU
		{F4EAAF80-B82E-48F6-A304-31FDF2796442}.Debug|Any CPU.ActiveCfg = Debug|Any CPU
		{F4EAAF80-B82E-48F6-A304-31FDF2796442}.Debug|Any CPU.Build.0 = Debug|Any CPU
		{F4EAAF80-B82E-48F6-A304-31FDF2796442}.Release|Any CPU.ActiveCfg = Release|Any CPU
		{F4EAAF80-B82E-48F6-A304-31FDF2796442}.Release|Any CPU.Build.0 = Release|Any CPU
	EndGlobalSection
	GlobalSection(SolutionProperties) = preSolution
		HideSolutionNode = FALSE
	EndGlobalSection
	GlobalSection(ExtensibilityGlobals) = postSolution
		SolutionGuid = {64D4720E-C358-4B12-9504-64B8E1DBE909}
	EndGlobalSection
	GlobalSection(NestedProjects) = preSolution
		{869E9A44-6733-4394-BB67-A647477186BC} = {B6495E16-57C5-4AF8-A5CB-8E03DC24A674}
		{DC301BFC-D34A-44E8-8B1D-71EE52205CE9} = {B6495E16-57C5-4AF8-A5CB-8E03DC24A674}
		{14D0AD21-9750-430A-AF84-DB5380D059C0} = {B6495E16-57C5-4AF8-A5CB-8E03DC24A674}
		{AE6DA9C1-924F-4ED2-BC05-51026FA3B071} = {0CA3A753-4D80-4A14-9D97-F549DB0E2559}
		{9E3A9D63-95EF-4A6F-8C83-8F439A090EC6} = {0CA3A753-4D80-4A14-9D97-F549DB0E2559}
		{A3B5B1DF-2227-4918-B180-9E882FA43547} = {0CA3A753-4D80-4A14-9D97-F549DB0E2559}
		{ECAD558B-EB3B-4EFB-8D9E-4D8916FADE82} = {B6495E16-57C5-4AF8-A5CB-8E03DC24A674}
		{4EF16CC3-109F-4A3C-BD46-74FDEB9DBAB3} = {0CA3A753-4D80-4A14-9D97-F549DB0E2559}
		{87D33427-1A66-450A-9D01-82A601C54D20} = {B6495E16-57C5-4AF8-A5CB-8E03DC24A674}
		{6C0B27CB-3C9A-43AB-ADB2-AEDD1599BF72} = {0CA3A753-4D80-4A14-9D97-F549DB0E2559}
		{F4EAAF80-B82E-48F6-A304-31FDF2796442} = {0CA3A753-4D80-4A14-9D97-F549DB0E2559}
	EndGlobalSection
EndGlobal
