
Microsoft Visual Studio Solution File, Format Version 12.00
# Visual Studio 15
VisualStudioVersion = 15.0.27004.2002
MinimumVisualStudioVersion = 10.0.40219.1
Project("{FAE04EC0-301F-11D3-BF4B-00C04F79EFBC}") = "Borzoo", "src\Borzoo\Borzoo.csproj", "{869E9A44-6733-4394-BB67-A647477186BC}"
EndProject
Global
	GlobalSection(SolutionConfigurationPlatforms) = preSolution
		Debug|Any CPU = Debug|Any CPU
		Release|Any CPU = Release|Any CPU
	EndGlobalSection
	GlobalSection(ProjectConfigurationPlatforms) = postSolution
		{869E9A44-6733-4394-BB67-A647477186BC}.Debug|Any CPU.ActiveCfg = Debug|Any CPU
		{869E9A44-6733-4394-BB67-A647477186BC}.Debug|Any CPU.Build.0 = Debug|Any CPU
		{869E9A44-6733-4394-BB67-A647477186BC}.Release|Any CPU.ActiveCfg = Release|Any CPU
		{869E9A44-6733-4394-BB67-A647477186BC}.Release|Any CPU.Build.0 = Release|Any CPU
	EndGlobalSection
	GlobalSection(SolutionProperties) = preSolution
		HideSolutionNode = FALSE
	EndGlobalSection
	GlobalSection(ExtensibilityGlobals) = postSolution
		SolutionGuid = {64D4720E-C358-4B12-9504-64B8E1DBE909}
	EndGlobalSection
EndGlobal
